# This file is autogenerated, do not edit; changes may be undone by the next 'dep ensure'.


[[projects]]
  digest = "1:8d214fd5584d1d88a7fa8d190de8aaf74014b29f6e01d5545753b90f5756f445"
  name = "github.com/clbanning/mxj"
  packages = ["."]
  pruneopts = "UT"
  revision = "5c9dc14e219226c6b79e097b75f31bfac0af8016"
  version = "v2.1"

[solve-meta]
  analyzer-name = "dep"
  analyzer-version = 1
  input-imports = ["github.com/clbanning/mxj"]
  solver-name = "gps-cdcl"
  solver-version = 1
